
Microsoft Visual Studio Solution File, Format Version 12.00
# Visual Studio Version 17
VisualStudioVersion = 17.11.35208.52
MinimumVisualStudioVersion = 10.0.40219.1
Project("{2150E333-8FDC-42A3-9474-1A3956D46DE8}") = "API", "API", "{715ED90F-D377-467D-8440-D5A487497927}"
EndProject
Project("{2150E333-8FDC-42A3-9474-1A3956D46DE8}") = "APP", "APP", "{B280C565-2185-4147-869F-B3193CB6DC67}"
EndProject
Project("{FAE04EC0-301F-11D3-BF4B-00C04F79EFBC}") = "JobSearch.API", "JobSearch.API\JobSearch.API.csproj", "{421ABB9F-B2C9-44B4-9F0D-33EF4DE80EFE}"
EndProject
Project("{FAE04EC0-301F-11D3-BF4B-00C04F79EFBC}") = "JobSearch.App", "JobSearch.App\JobSearch.App.csproj", "{CCF250D0-A59F-4DE5-A2B4-9E74D73B2B80}"
EndProject
Project("{2150E333-8FDC-42A3-9474-1A3956D46DE8}") = "Domain", "Domain", "{27AF2989-02BD-4A03-A711-E79C5BF70717}"
EndProject
Project("{FAE04EC0-301F-11D3-BF4B-00C04F79EFBC}") = "JobSearch.Domain", "JobSearch.Domain\JobSearch.Domain.csproj", "{A8F04ABA-E85A-47B8-B5B3-4DA760143162}"
EndProject
Global
	GlobalSection(SolutionConfigurationPlatforms) = preSolution
		Debug|Any CPU = Debug|Any CPU
		Release|Any CPU = Release|Any CPU
	EndGlobalSection
	GlobalSection(ProjectConfigurationPlatforms) = postSolution
		{421ABB9F-B2C9-44B4-9F0D-33EF4DE80EFE}.Debug|Any CPU.ActiveCfg = Debug|Any CPU
		{421ABB9F-B2C9-44B4-9F0D-33EF4DE80EFE}.Debug|Any CPU.Build.0 = Debug|Any CPU
		{421ABB9F-B2C9-44B4-9F0D-33EF4DE80EFE}.Release|Any CPU.ActiveCfg = Release|Any CPU
		{421ABB9F-B2C9-44B4-9F0D-33EF4DE80EFE}.Release|Any CPU.Build.0 = Release|Any CPU
		{CCF250D0-A59F-4DE5-A2B4-9E74D73B2B80}.Debug|Any CPU.ActiveCfg = Debug|Any CPU
		{CCF250D0-A59F-4DE5-A2B4-9E74D73B2B80}.Debug|Any CPU.Build.0 = Debug|Any CPU
		{CCF250D0-A59F-4DE5-A2B4-9E74D73B2B80}.Debug|Any CPU.Deploy.0 = Debug|Any CPU
		{CCF250D0-A59F-4DE5-A2B4-9E74D73B2B80}.Release|Any CPU.ActiveCfg = Release|Any CPU
		{CCF250D0-A59F-4DE5-A2B4-9E74D73B2B80}.Release|Any CPU.Build.0 = Release|Any CPU
		{CCF250D0-A59F-4DE5-A2B4-9E74D73B2B80}.Release|Any CPU.Deploy.0 = Release|Any CPU
		{A8F04ABA-E85A-47B8-B5B3-4DA760143162}.Debug|Any CPU.ActiveCfg = Debug|Any CPU
		{A8F04ABA-E85A-47B8-B5B3-4DA760143162}.Debug|Any CPU.Build.0 = Debug|Any CPU
		{A8F04ABA-E85A-47B8-B5B3-4DA760143162}.Release|Any CPU.ActiveCfg = Release|Any CPU
		{A8F04ABA-E85A-47B8-B5B3-4DA760143162}.Release|Any CPU.Build.0 = Release|Any CPU
	EndGlobalSection
	GlobalSection(SolutionProperties) = preSolution
		HideSolutionNode = FALSE
	EndGlobalSection
	GlobalSection(NestedProjects) = preSolution
		{421ABB9F-B2C9-44B4-9F0D-33EF4DE80EFE} = {715ED90F-D377-467D-8440-D5A487497927}
		{CCF250D0-A59F-4DE5-A2B4-9E74D73B2B80} = {B280C565-2185-4147-869F-B3193CB6DC67}
		{A8F04ABA-E85A-47B8-B5B3-4DA760143162} = {27AF2989-02BD-4A03-A711-E79C5BF70717}
	EndGlobalSection
	GlobalSection(ExtensibilityGlobals) = postSolution
		SolutionGuid = {5D31498B-C1E6-4C44-8B49-24DE69BB1FCB}
	EndGlobalSection
EndGlobal
